// !$*UTF8*$!
{
	archiveVersion = 1;
	classes = {
	};
	objectVersion = 46;
	objects = {

/* Begin PBXBuildFile section */
		A1CA21311A1E2F6400239868 /* main.m in Sources */ = {isa = PBXBuildFile; fileRef = A1CA21301A1E2F6400239868 /* main.m */; };
		A1CA21341A1E2F6400239868 /* AppDelegate.m in Sources */ = {isa = PBXBuildFile; fileRef = A1CA21331A1E2F6400239868 /* AppDelegate.m */; };
		A1CA21361A1E2F6400239868 /* Images.xcassets in Resources */ = {isa = PBXBuildFile; fileRef = A1CA21351A1E2F6400239868 /* Images.xcassets */; };
		A1CA21391A1E2F6400239868 /* LaunchScreen.xib in Resources */ = {isa = PBXBuildFile; fileRef = A1CA21371A1E2F6400239868 /* LaunchScreen.xib */; };
		A1CA21451A1E2F6400239868 /* JXSideViewControllerTests.m in Sources */ = {isa = PBXBuildFile; fileRef = A1CA21441A1E2F6400239868 /* JXSideViewControllerTests.m */; };
		A1CA21551A1E2FE000239868 /* PPRevealSideViewController.m in Sources */ = {isa = PBXBuildFile; fileRef = A1CA21511A1E2FE000239868 /* PPRevealSideViewController.m */; };
		A1CA21561A1E2FE000239868 /* JXSideViewController.m in Sources */ = {isa = PBXBuildFile; fileRef = A1CA21541A1E2FE000239868 /* JXSideViewController.m */; };
/* End PBXBuildFile section */

/* Begin PBXContainerItemProxy section */
		A1CA213F1A1E2F6400239868 /* PBXContainerItemProxy */ = {
			isa = PBXContainerItemProxy;
			containerPortal = A1CA21231A1E2F6400239868 /* Project object */;
			proxyType = 1;
			remoteGlobalIDString = A1CA212A1A1E2F6400239868;
			remoteInfo = JXSideViewController;
		};
/* End PBXContainerItemProxy section */

/* Begin PBXFileReference section */
		A1CA212B1A1E2F6400239868 /* JXSideViewController.app */ = {isa = PBXFileReference; explicitFileType = wrapper.application; includeInIndex = 0; path = JXSideViewController.app; sourceTree = BUILT_PRODUCTS_DIR; };
		A1CA212F1A1E2F6400239868 /* Info.plist */ = {isa = PBXFileReference; lastKnownFileType = text.plist.xml; path = Info.plist; sourceTree = "<group>"; };
		A1CA21301A1E2F6400239868 /* main.m */ = {isa = PBXFileReference; lastKnownFileType = sourcecode.c.objc; path = main.m; sourceTree = "<group>"; };
		A1CA21321A1E2F6400239868 /* AppDelegate.h */ = {isa = PBXFileReference; lastKnownFileType = sourcecode.c.h; path = AppDelegate.h; sourceTree = "<group>"; };
		A1CA21331A1E2F6400239868 /* AppDelegate.m */ = {isa = PBXFileReference; lastKnownFileType = sourcecode.c.objc; path = AppDelegate.m; sourceTree = "<group>"; };
		A1CA21351A1E2F6400239868 /* Images.xcassets */ = {isa = PBXFileReference; lastKnownFileType = folder.assetcatalog; path = Images.xcassets; sourceTree = "<group>"; };
		A1CA21381A1E2F6400239868 /* Base */ = {isa = PBXFileReference; lastKnownFileType = file.xib; name = Base; path = Base.lproj/LaunchScreen.xib; sourceTree = "<group>"; };
		A1CA213E1A1E2F6400239868 /* JXSideViewControllerTests.xctest */ = {isa = PBXFileReference; explicitFileType = wrapper.cfbundle; includeInIndex = 0; path = JXSideViewControllerTests.xctest; sourceTree = BUILT_PRODUCTS_DIR; };
		A1CA21431A1E2F6400239868 /* Info.plist */ = {isa = PBXFileReference; lastKnownFileType = text.plist.xml; path = Info.plist; sourceTree = "<group>"; };
		A1CA21441A1E2F6400239868 /* JXSideViewControllerTests.m */ = {isa = PBXFileReference; lastKnownFileType = sourcecode.c.objc; path = JXSideViewControllerTests.m; sourceTree = "<group>"; };
		A1CA21501A1E2FE000239868 /* PPRevealSideViewController.h */ = {isa = PBXFileReference; fileEncoding = 4; lastKnownFileType = sourcecode.c.h; path = PPRevealSideViewController.h; sourceTree = "<group>"; };
		A1CA21511A1E2FE000239868 /* PPRevealSideViewController.m */ = {isa = PBXFileReference; fileEncoding = 4; lastKnownFileType = sourcecode.c.objc; path = PPRevealSideViewController.m; sourceTree = "<group>"; };
		A1CA21531A1E2FE000239868 /* JXSideViewController.h */ = {isa = PBXFileReference; fileEncoding = 4; lastKnownFileType = sourcecode.c.h; path = JXSideViewController.h; sourceTree = "<group>"; };
		A1CA21541A1E2FE000239868 /* JXSideViewController.m */ = {isa = PBXFileReference; fileEncoding = 4; lastKnownFileType = sourcecode.c.objc; path = JXSideViewController.m; sourceTree = "<group>"; };
/* End PBXFileReference section */

/* Begin PBXFrameworksBuildPhase section */
		A1CA21281A1E2F6400239868 /* Frameworks */ = {
			isa = PBXFrameworksBuildPhase;
			buildActionMask = 2147483647;
			files = (
			);
			runOnlyForDeploymentPostprocessing = 0;
		};
		A1CA213B1A1E2F6400239868 /* Frameworks */ = {
			isa = PBXFrameworksBuildPhase;
			buildActionMask = 2147483647;
			files = (
			);
			runOnlyForDeploymentPostprocessing = 0;
		};
/* End PBXFrameworksBuildPhase section */

/* Begin PBXGroup section */
		A1CA21221A1E2F6400239868 = {
			isa = PBXGroup;
			children = (
				A1CA214E1A1E2FDF00239868 /* lib */,
				A1CA21521A1E2FE000239868 /* src */,
				A1CA212D1A1E2F6400239868 /* JXSideViewController */,
				A1CA21411A1E2F6400239868 /* JXSideViewControllerTests */,
				A1CA212C1A1E2F6400239868 /* Products */,
			);
			sourceTree = "<group>";
		};
		A1CA212C1A1E2F6400239868 /* Products */ = {
			isa = PBXGroup;
			children = (
				A1CA212B1A1E2F6400239868 /* JXSideViewController.app */,
				A1CA213E1A1E2F6400239868 /* JXSideViewControllerTests.xctest */,
			);
			name = Products;
			sourceTree = "<group>";
		};
		A1CA212D1A1E2F6400239868 /* JXSideViewController */ = {
			isa = PBXGroup;
			children = (
				A1CA21321A1E2F6400239868 /* AppDelegate.h */,
				A1CA21331A1E2F6400239868 /* AppDelegate.m */,
				A1CA21351A1E2F6400239868 /* Images.xcassets */,
				A1CA21371A1E2F6400239868 /* LaunchScreen.xib */,
				A1CA212E1A1E2F6400239868 /* Supporting Files */,
			);
			path = JXSideViewController;
			sourceTree = "<group>";
		};
		A1CA212E1A1E2F6400239868 /* Supporting Files */ = {
			isa = PBXGroup;
			children = (
				A1CA212F1A1E2F6400239868 /* Info.plist */,
				A1CA21301A1E2F6400239868 /* main.m */,
			);
			name = "Supporting Files";
			sourceTree = "<group>";
		};
		A1CA21411A1E2F6400239868 /* JXSideViewControllerTests */ = {
			isa = PBXGroup;
			children = (
				A1CA21441A1E2F6400239868 /* JXSideViewControllerTests.m */,
				A1CA21421A1E2F6400239868 /* Supporting Files */,
			);
			path = JXSideViewControllerTests;
			sourceTree = "<group>";
		};
		A1CA21421A1E2F6400239868 /* Supporting Files */ = {
			isa = PBXGroup;
			children = (
				A1CA21431A1E2F6400239868 /* Info.plist */,
			);
			name = "Supporting Files";
			sourceTree = "<group>";
		};
		A1CA214E1A1E2FDF00239868 /* lib */ = {
			isa = PBXGroup;
			children = (
				A1CA214F1A1E2FDF00239868 /* PPRevealSideviewController */,
			);
			name = lib;
			path = ../lib;
			sourceTree = "<group>";
		};
		A1CA214F1A1E2FDF00239868 /* PPRevealSideviewController */ = {
			isa = PBXGroup;
			children = (
				A1CA21501A1E2FE000239868 /* PPRevealSideViewController.h */,
				A1CA21511A1E2FE000239868 /* PPRevealSideViewController.m */,
			);
			path = PPRevealSideviewController;
			sourceTree = "<group>";
		};
		A1CA21521A1E2FE000239868 /* src */ = {
			isa = PBXGroup;
			children = (
				A1CA21531A1E2FE000239868 /* JXSideViewController.h */,
				A1CA21541A1E2FE000239868 /* JXSideViewController.m */,
			);
			name = src;
			path = ../src;
			sourceTree = "<group>";
		};
/* End PBXGroup section */

/* Begin PBXNativeTarget section */
		A1CA212A1A1E2F6400239868 /* JXSideViewController */ = {
			isa = PBXNativeTarget;
			buildConfigurationList = A1CA21481A1E2F6400239868 /* Build configuration list for PBXNativeTarget "JXSideViewController" */;
			buildPhases = (
				A1CA21271A1E2F6400239868 /* Sources */,
				A1CA21281A1E2F6400239868 /* Frameworks */,
				A1CA21291A1E2F6400239868 /* Resources */,
			);
			buildRules = (
			);
			dependencies = (
			);
			name = JXSideViewController;
			productName = JXSideViewController;
			productReference = A1CA212B1A1E2F6400239868 /* JXSideViewController.app */;
			productType = "com.apple.product-type.application";
		};
		A1CA213D1A1E2F6400239868 /* JXSideViewControllerTests */ = {
			isa = PBXNativeTarget;
			buildConfigurationList = A1CA214B1A1E2F6400239868 /* Build configuration list for PBXNativeTarget "JXSideViewControllerTests" */;
			buildPhases = (
				A1CA213A1A1E2F6400239868 /* Sources */,
				A1CA213B1A1E2F6400239868 /* Frameworks */,
				A1CA213C1A1E2F6400239868 /* Resources */,
			);
			buildRules = (
			);
			dependencies = (
				A1CA21401A1E2F6400239868 /* PBXTargetDependency */,
			);
			name = JXSideViewControllerTests;
			productName = JXSideViewControllerTests;
			productReference = A1CA213E1A1E2F6400239868 /* JXSideViewControllerTests.xctest */;
			productType = "com.apple.product-type.bundle.unit-test";
		};
/* End PBXNativeTarget section */

/* Begin PBXProject section */
		A1CA21231A1E2F6400239868 /* Project object */ = {
			isa = PBXProject;
			attributes = {
				LastUpgradeCheck = 0610;
				ORGANIZATIONNAME = ric;
				TargetAttributes = {
					A1CA212A1A1E2F6400239868 = {
						CreatedOnToolsVersion = 6.1;
					};
					A1CA213D1A1E2F6400239868 = {
						CreatedOnToolsVersion = 6.1;
						TestTargetID = A1CA212A1A1E2F6400239868;
					};
				};
			};
			buildConfigurationList = A1CA21261A1E2F6400239868 /* Build configuration list for PBXProject "JXSideViewController" */;
			compatibilityVersion = "Xcode 3.2";
			developmentRegion = English;
			hasScannedForEncodings = 0;
			knownRegions = (
				en,
				Base,
			);
			mainGroup = A1CA21221A1E2F6400239868;
			productRefGroup = A1CA212C1A1E2F6400239868 /* Products */;
			projectDirPath = "";
			projectRoot = "";
			targets = (
				A1CA212A1A1E2F6400239868 /* JXSideViewController */,
				A1CA213D1A1E2F6400239868 /* JXSideViewControllerTests */,
			);
		};
/* End PBXProject section */

/* Begin PBXResourcesBuildPhase section */
		A1CA21291A1E2F6400239868 /* Resources */ = {
			isa = PBXResourcesBuildPhase;
			buildActionMask = 2147483647;
			files = (
				A1CA21391A1E2F6400239868 /* LaunchScreen.xib in Resources */,
				A1CA21361A1E2F6400239868 /* Images.xcassets in Resources */,
			);
			runOnlyForDeploymentPostprocessing = 0;
		};
		A1CA213C1A1E2F6400239868 /* Resources */ = {
			isa = PBXResourcesBuildPhase;
			buildActionMask = 2147483647;
			files = (
			);
			runOnlyForDeploymentPostprocessing = 0;
		};
/* End PBXResourcesBuildPhase section */

/* Begin PBXSourcesBuildPhase section */
		A1CA21271A1E2F6400239868 /* Sources */ = {
			isa = PBXSourcesBuildPhase;
			buildActionMask = 2147483647;
			files = (
				A1CA21551A1E2FE000239868 /* PPRevealSideViewController.m in Sources */,
				A1CA21341A1E2F6400239868 /* AppDelegate.m in Sources */,
				A1CA21311A1E2F6400239868 /* main.m in Sources */,
				A1CA21561A1E2FE000239868 /* JXSideViewController.m in Sources */,
			);
			runOnlyForDeploymentPostprocessing = 0;
		};
		A1CA213A1A1E2F6400239868 /* Sources */ = {
			isa = PBXSourcesBuildPhase;
			buildActionMask = 2147483647;
			files = (
				A1CA21451A1E2F6400239868 /* JXSideViewControllerTests.m in Sources */,
			);
			runOnlyForDeploymentPostprocessing = 0;
		};
/* End PBXSourcesBuildPhase section */

/* Begin PBXTargetDependency section */
		A1CA21401A1E2F6400239868 /* PBXTargetDependency */ = {
			isa = PBXTargetDependency;
			target = A1CA212A1A1E2F6400239868 /* JXSideViewController */;
			targetProxy = A1CA213F1A1E2F6400239868 /* PBXContainerItemProxy */;
		};
/* End PBXTargetDependency section */

/* Begin PBXVariantGroup section */
		A1CA21371A1E2F6400239868 /* LaunchScreen.xib */ = {
			isa = PBXVariantGroup;
			children = (
				A1CA21381A1E2F6400239868 /* Base */,
			);
			name = LaunchScreen.xib;
			sourceTree = "<group>";
		};
/* End PBXVariantGroup section */

/* Begin XCBuildConfiguration section */
		A1CA21461A1E2F6400239868 /* Debug */ = {
			isa = XCBuildConfiguration;
			buildSettings = {
				ALWAYS_SEARCH_USER_PATHS = NO;
				CLANG_CXX_LANGUAGE_STANDARD = "gnu++0x";
				CLANG_CXX_LIBRARY = "libc++";
				CLANG_ENABLE_MODULES = YES;
				CLANG_ENABLE_OBJC_ARC = YES;
				CLANG_WARN_BOOL_CONVERSION = YES;
				CLANG_WARN_CONSTANT_CONVERSION = YES;
				CLANG_WARN_DIRECT_OBJC_ISA_USAGE = YES_ERROR;
				CLANG_WARN_EMPTY_BODY = YES;
				CLANG_WARN_ENUM_CONVERSION = YES;
				CLANG_WARN_INT_CONVERSION = YES;
				CLANG_WARN_OBJC_ROOT_CLASS = YES_ERROR;
				CLANG_WARN_UNREACHABLE_CODE = YES;
				CLANG_WARN__DUPLICATE_METHOD_MATCH = YES;
				"CODE_SIGN_IDENTITY[sdk=iphoneos*]" = "iPhone Developer";
				COPY_PHASE_STRIP = NO;
				ENABLE_STRICT_OBJC_MSGSEND = YES;
				GCC_C_LANGUAGE_STANDARD = gnu99;
				GCC_DYNAMIC_NO_PIC = NO;
				GCC_OPTIMIZATION_LEVEL = 0;
				GCC_PREPROCESSOR_DEFINITIONS = (
					"DEBUG=1",
					"$(inherited)",
				);
				GCC_SYMBOLS_PRIVATE_EXTERN = NO;
				GCC_WARN_64_TO_32_BIT_CONVERSION = YES;
				GCC_WARN_ABOUT_RETURN_TYPE = YES_ERROR;
				GCC_WARN_UNDECLARED_SELECTOR = YES;
				GCC_WARN_UNINITIALIZED_AUTOS = YES_AGGRESSIVE;
				GCC_WARN_UNUSED_FUNCTION = YES;
				GCC_WARN_UNUSED_VARIABLE = YES;
				IPHONEOS_DEPLOYMENT_TARGET = 8.1;
				MTL_ENABLE_DEBUG_INFO = YES;
				ONLY_ACTIVE_ARCH = YES;
				SDKROOT = iphoneos;
				TARGETED_DEVICE_FAMILY = "1,2";
			};
			name = Debug;
		};
		A1CA21471A1E2F6400239868 /* Release */ = {
			isa = XCBuildConfiguration;
			buildSettings = {
				ALWAYS_SEARCH_USER_PATHS = NO;
				CLANG_CXX_LANGUAGE_STANDARD = "gnu++0x";
				CLANG_CXX_LIBRARY = "libc++";
				CLANG_ENABLE_MODULES = YES;
				CLANG_ENABLE_OBJC_ARC = YES;
				CLANG_WARN_BOOL_CONVERSION = YES;
				CLANG_WARN_CONSTANT_CONVERSION = YES;
				CLANG_WARN_DIRECT_OBJC_ISA_USAGE = YES_ERROR;
				CLANG_WARN_EMPTY_BODY = YES;
				CLANG_WARN_ENUM_CONVERSION = YES;
				CLANG_WARN_INT_CONVERSION = YES;
				CLANG_WARN_OBJC_ROOT_CLASS = YES_ERROR;
				CLANG_WARN_UNREACHABLE_CODE = YES;
				CLANG_WARN__DUPLICATE_METHOD_MATCH = YES;
				"CODE_SIGN_IDENTITY[sdk=iphoneos*]" = "iPhone Developer";
				COPY_PHASE_STRIP = YES;
				ENABLE_NS_ASSERTIONS = NO;
				ENABLE_STRICT_OBJC_MSGSEND = YES;
				GCC_C_LANGUAGE_STANDARD = gnu99;
				GCC_WARN_64_TO_32_BIT_CONVERSION = YES;
				GCC_WARN_ABOUT_RETURN_TYPE = YES_ERROR;
				GCC_WARN_UNDECLARED_SELECTOR = YES;
				GCC_WARN_UNINITIALIZED_AUTOS = YES_AGGRESSIVE;
				GCC_WARN_UNUSED_FUNCTION = YES;
				GCC_WARN_UNUSED_VARIABLE = YES;
				IPHONEOS_DEPLOYMENT_TARGET = 8.1;
				MTL_ENABLE_DEBUG_INFO = NO;
				SDKROOT = iphoneos;
				TARGETED_DEVICE_FAMILY = "1,2";
				VALIDATE_PRODUCT = YES;
			};
			name = Release;
		};
		A1CA21491A1E2F6400239868 /* Debug */ = {
			isa = XCBuildConfiguration;
			buildSettings = {
				ASSETCATALOG_COMPILER_APPICON_NAME = AppIcon;
				INFOPLIST_FILE = JXSideViewController/Info.plist;
				LD_RUNPATH_SEARCH_PATHS = "$(inherited) @executable_path/Frameworks";
				PRODUCT_NAME = "$(TARGET_NAME)";
			};
			name = Debug;
		};
		A1CA214A1A1E2F6400239868 /* Release */ = {
			isa = XCBuildConfiguration;
			buildSettings = {
				ASSETCATALOG_COMPILER_APPICON_NAME = AppIcon;
				INFOPLIST_FILE = JXSideViewController/Info.plist;
				LD_RUNPATH_SEARCH_PATHS = "$(inherited) @executable_path/Frameworks";
				PRODUCT_NAME = "$(TARGET_NAME)";
			};
			name = Release;
		};
		A1CA214C1A1E2F6400239868 /* Debug */ = {
			isa = XCBuildConfiguration;
			buildSettings = {
				BUNDLE_LOADER = "$(TEST_HOST)";
				FRAMEWORK_SEARCH_PATHS = (
					"$(SDKROOT)/Developer/Library/Frameworks",
					"$(inherited)",
				);
				GCC_PREPROCESSOR_DEFINITIONS = (
					"DEBUG=1",
					"$(inherited)",
				);
				INFOPLIST_FILE = JXSideViewControllerTests/Info.plist;
				LD_RUNPATH_SEARCH_PATHS = "$(inherited) @executable_path/Frameworks @loader_path/Frameworks";
				PRODUCT_NAME = "$(TARGET_NAME)";
				TEST_HOST = "$(BUILT_PRODUCTS_DIR)/JXSideViewController.app/JXSideViewController";
			};
			name = Debug;
		};
		A1CA214D1A1E2F6400239868 /* Release */ = {
			isa = XCBuildConfiguration;
			buildSettings = {
				BUNDLE_LOADER = "$(TEST_HOST)";
				FRAMEWORK_SEARCH_PATHS = (
					"$(SDKROOT)/Developer/Library/Frameworks",
					"$(inherited)",
				);
				INFOPLIST_FILE = JXSideViewControllerTests/Info.plist;
				LD_RUNPATH_SEARCH_PATHS = "$(inherited) @executable_path/Frameworks @loader_path/Frameworks";
				PRODUCT_NAME = "$(TARGET_NAME)";
				TEST_HOST = "$(BUILT_PRODUCTS_DIR)/JXSideViewController.app/JXSideViewController";
			};
			name = Release;
		};
/* End XCBuildConfiguration section */

/* Begin XCConfigurationList section */
		A1CA21261A1E2F6400239868 /* Build configuration list for PBXProject "JXSideViewController" */ = {
			isa = XCConfigurationList;
			buildConfigurations = (
				A1CA21461A1E2F6400239868 /* Debug */,
				A1CA21471A1E2F6400239868 /* Release */,
			);
			defaultConfigurationIsVisible = 0;
			defaultConfigurationName = Release;
		};
		A1CA21481A1E2F6400239868 /* Build configuration list for PBXNativeTarget "JXSideViewController" */ = {
			isa = XCConfigurationList;
			buildConfigurations = (
				A1CA21491A1E2F6400239868 /* Debug */,
				A1CA214A1A1E2F6400239868 /* Release */,
			);
			defaultConfigurationIsVisible = 0;
			defaultConfigurationName = Release;
		};
		A1CA214B1A1E2F6400239868 /* Build configuration list for PBXNativeTarget "JXSideViewControllerTests" */ = {
			isa = XCConfigurationList;
			buildConfigurations = (
				A1CA214C1A1E2F6400239868 /* Debug */,
				A1CA214D1A1E2F6400239868 /* Release */,
			);
			defaultConfigurationIsVisible = 0;
			defaultConfigurationName = Release;
		};
/* End XCConfigurationList section */
	};
	rootObject = A1CA21231A1E2F6400239868 /* Project object */;
}
